
Microsoft Visual Studio Solution File, Format Version 12.00
# Visual Studio Version 17
VisualStudioVersion = 17.14.36221.1 d17.14
MinimumVisualStudioVersion = 10.0.40219.1
Project("{FAE04EC0-301F-11D3-BF4B-00C04F79EFBC}") = "FakExam", "FakExam\FakExam.csproj", "{F58FB9BB-55D2-FCA2-8094-801158CC15D3}"
EndProject
Project("{FAE04EC0-301F-11D3-BF4B-00C04F79EFBC}") = "FakExam.Core", "FakExam.Core\FakExam.Core.csproj", "{32A65FE2-E4FF-3368-FDDA-F52F11967264}"
EndProject
Global
	GlobalSection(SolutionConfigurationPlatforms) = preSolution
		Debug|arm64 = Debug|arm64
		Debug|x64 = Debug|x64
		Debug|x86 = Debug|x86
		Release|arm64 = Release|arm64
		Release|x64 = Release|x64
		Release|x86 = Release|x86
	EndGlobalSection
	GlobalSection(ProjectConfigurationPlatforms) = postSolution
		{F58FB9BB-55D2-FCA2-8094-801158CC15D3}.Debug|arm64.ActiveCfg = Debug|arm64
		{F58FB9BB-55D2-FCA2-8094-801158CC15D3}.Debug|arm64.Build.0 = Debug|arm64
		{F58FB9BB-55D2-FCA2-8094-801158CC15D3}.Debug|arm64.Deploy.0 = Debug|arm64
		{F58FB9BB-55D2-FCA2-8094-801158CC15D3}.Debug|x64.ActiveCfg = Debug|x64
		{F58FB9BB-55D2-FCA2-8094-801158CC15D3}.Debug|x64.Build.0 = Debug|x64
		{F58FB9BB-55D2-FCA2-8094-801158CC15D3}.Debug|x64.Deploy.0 = Debug|x64
		{F58FB9BB-55D2-FCA2-8094-801158CC15D3}.Debug|x86.ActiveCfg = Debug|x86
		{F58FB9BB-55D2-FCA2-8094-801158CC15D3}.Debug|x86.Build.0 = Debug|x86
		{F58FB9BB-55D2-FCA2-8094-801158CC15D3}.Debug|x86.Deploy.0 = Debug|x86
		{F58FB9BB-55D2-FCA2-8094-801158CC15D3}.Release|arm64.ActiveCfg = Release|arm64
		{F58FB9BB-55D2-FCA2-8094-801158CC15D3}.Release|arm64.Build.0 = Release|arm64
		{F58FB9BB-55D2-FCA2-8094-801158CC15D3}.Release|arm64.Deploy.0 = Release|arm64
		{F58FB9BB-55D2-FCA2-8094-801158CC15D3}.Release|x64.ActiveCfg = Release|x64
		{F58FB9BB-55D2-FCA2-8094-801158CC15D3}.Release|x64.Build.0 = Release|x64
		{F58FB9BB-55D2-FCA2-8094-801158CC15D3}.Release|x64.Deploy.0 = Release|x64
		{F58FB9BB-55D2-FCA2-8094-801158CC15D3}.Release|x86.ActiveCfg = Release|x86
		{F58FB9BB-55D2-FCA2-8094-801158CC15D3}.Release|x86.Build.0 = Release|x86
		{F58FB9BB-55D2-FCA2-8094-801158CC15D3}.Release|x86.Deploy.0 = Release|x86
		{32A65FE2-E4FF-3368-FDDA-F52F11967264}.Debug|arm64.ActiveCfg = Debug|arm64
		{32A65FE2-E4FF-3368-FDDA-F52F11967264}.Debug|arm64.Build.0 = Debug|arm64
		{32A65FE2-E4FF-3368-FDDA-F52F11967264}.Debug|x64.ActiveCfg = Debug|x64
		{32A65FE2-E4FF-3368-FDDA-F52F11967264}.Debug|x64.Build.0 = Debug|x64
		{32A65FE2-E4FF-3368-FDDA-F52F11967264}.Debug|x86.ActiveCfg = Debug|x86
		{32A65FE2-E4FF-3368-FDDA-F52F11967264}.Debug|x86.Build.0 = Debug|x86
		{32A65FE2-E4FF-3368-FDDA-F52F11967264}.Release|arm64.ActiveCfg = Release|arm64
		{32A65FE2-E4FF-3368-FDDA-F52F11967264}.Release|arm64.Build.0 = Release|arm64
		{32A65FE2-E4FF-3368-FDDA-F52F11967264}.Release|x64.ActiveCfg = Release|x64
		{32A65FE2-E4FF-3368-FDDA-F52F11967264}.Release|x64.Build.0 = Release|x64
		{32A65FE2-E4FF-3368-FDDA-F52F11967264}.Release|x86.ActiveCfg = Release|x86
		{32A65FE2-E4FF-3368-FDDA-F52F11967264}.Release|x86.Build.0 = Release|x86
	EndGlobalSection
	GlobalSection(SolutionProperties) = preSolution
		HideSolutionNode = FALSE
	EndGlobalSection
	GlobalSection(ExtensibilityGlobals) = postSolution
		SolutionGuid = {9781FE3E-8D48-442F-8CB9-C9CF5369C021}
	EndGlobalSection
EndGlobal
